
Microsoft Visual Studio Solution File, Format Version 12.00
# Visual Studio Version 16
VisualStudioVersion = 16.0.30621.155
MinimumVisualStudioVersion = 10.0.40219.1
Project("{9A19103F-16F7-4668-BE54-9A1E7A4F7556}") = "Homework", "Homework\Homework.csproj", "{E9B759DD-4C14-4CA7-B3F3-DA78662B82A3}"
EndProject
Project("{FAE04EC0-301F-11D3-BF4B-00C04F79EFBC}") = "Homework.Data", "Homework.Data\Homework.Data.csproj", "{D3B37C2A-2662-414B-8023-53771FC82DB6}"
EndProject
Global
	GlobalSection(SolutionConfigurationPlatforms) = preSolution
		Debug|Any CPU = Debug|Any CPU
		Release|Any CPU = Release|Any CPU
	EndGlobalSection
	GlobalSection(ProjectConfigurationPlatforms) = postSolution
		{E9B759DD-4C14-4CA7-B3F3-DA78662B82A3}.Debug|Any CPU.ActiveCfg = Debug|Any CPU
		{E9B759DD-4C14-4CA7-B3F3-DA78662B82A3}.Debug|Any CPU.Build.0 = Debug|Any CPU
		{E9B759DD-4C14-4CA7-B3F3-DA78662B82A3}.Release|Any CPU.ActiveCfg = Release|Any CPU
		{E9B759DD-4C14-4CA7-B3F3-DA78662B82A3}.Release|Any CPU.Build.0 = Release|Any CPU
		{D3B37C2A-2662-414B-8023-53771FC82DB6}.Debug|Any CPU.ActiveCfg = Debug|Any CPU
		{D3B37C2A-2662-414B-8023-53771FC82DB6}.Debug|Any CPU.Build.0 = Debug|Any CPU
		{D3B37C2A-2662-414B-8023-53771FC82DB6}.Release|Any CPU.ActiveCfg = Release|Any CPU
		{D3B37C2A-2662-414B-8023-53771FC82DB6}.Release|Any CPU.Build.0 = Release|Any CPU
	EndGlobalSection
	GlobalSection(SolutionProperties) = preSolution
		HideSolutionNode = FALSE
	EndGlobalSection
	GlobalSection(ExtensibilityGlobals) = postSolution
		SolutionGuid = {AF41C17F-0ED6-47F4-966F-0209A20F3A15}
	EndGlobalSection
EndGlobal
